
Microsoft Visual Studio Solution File, Format Version 12.00
# Visual Studio Version 16
VisualStudioVersion = 16.0.31729.503
MinimumVisualStudioVersion = 10.0.40219.1
Project("{FAE04EC0-301F-11D3-BF4B-00C04F79EFBC}") = "39", "39.csproj", "{DDD4A06D-C349-499F-94B3-A2A1D3EC6F02}"
EndProject
Global
	GlobalSection(SolutionConfigurationPlatforms) = preSolution
		Debug|Any CPU = Debug|Any CPU
		Release|Any CPU = Release|Any CPU
	EndGlobalSection
	GlobalSection(ProjectConfigurationPlatforms) = postSolution
		{DDD4A06D-C349-499F-94B3-A2A1D3EC6F02}.Debug|Any CPU.ActiveCfg = Debug|Any CPU
		{DDD4A06D-C349-499F-94B3-A2A1D3EC6F02}.Debug|Any CPU.Build.0 = Debug|Any CPU
		{DDD4A06D-C349-499F-94B3-A2A1D3EC6F02}.Release|Any CPU.ActiveCfg = Release|Any CPU
		{DDD4A06D-C349-499F-94B3-A2A1D3EC6F02}.Release|Any CPU.Build.0 = Release|Any CPU
	EndGlobalSection
	GlobalSection(SolutionProperties) = preSolution
		HideSolutionNode = FALSE
	EndGlobalSection
	GlobalSection(ExtensibilityGlobals) = postSolution
		SolutionGuid = {7D0D6B89-7D9E-4068-AA51-4A50274D8E51}
	EndGlobalSection
EndGlobal
