
Microsoft Visual Studio Solution File, Format Version 12.00
# Visual Studio Version 16
VisualStudioVersion = 16.0.31729.503
MinimumVisualStudioVersion = 10.0.40219.1
Project("{FAE04EC0-301F-11D3-BF4B-00C04F79EFBC}") = "27", "27.csproj", "{98D91621-3FCD-4133-9F38-B4D8075CDF36}"
EndProject
Global
	GlobalSection(SolutionConfigurationPlatforms) = preSolution
		Debug|Any CPU = Debug|Any CPU
		Release|Any CPU = Release|Any CPU
	EndGlobalSection
	GlobalSection(ProjectConfigurationPlatforms) = postSolution
		{98D91621-3FCD-4133-9F38-B4D8075CDF36}.Debug|Any CPU.ActiveCfg = Debug|Any CPU
		{98D91621-3FCD-4133-9F38-B4D8075CDF36}.Debug|Any CPU.Build.0 = Debug|Any CPU
		{98D91621-3FCD-4133-9F38-B4D8075CDF36}.Release|Any CPU.ActiveCfg = Release|Any CPU
		{98D91621-3FCD-4133-9F38-B4D8075CDF36}.Release|Any CPU.Build.0 = Release|Any CPU
	EndGlobalSection
	GlobalSection(SolutionProperties) = preSolution
		HideSolutionNode = FALSE
	EndGlobalSection
	GlobalSection(ExtensibilityGlobals) = postSolution
		SolutionGuid = {33AE8352-876D-4887-89A0-A2D8C8D7DC86}
	EndGlobalSection
EndGlobal
